// !$*UTF8*$!
{
	archiveVersion = 1;
	classes = {
	};
	objectVersion = 56;
	objects = {

/* Begin PBXBuildFile section */
		6611F6402B86A5E60003E771 /* GoogleService-Info.plist in Resources */ = {isa = PBXBuildFile; fileRef = 6611F63F2B86A5E60003E771 /* GoogleService-Info.plist */; };
		6613758D2B60744B00622277 /* LaunchScreen.storyboard in Resources */ = {isa = PBXBuildFile; fileRef = 6613758C2B60744B00622277 /* LaunchScreen.storyboard */; };
		6613758F2B60753000622277 /* LUT-logo-cs4.png in Resources */ = {isa = PBXBuildFile; fileRef = 6613758E2B60753000622277 /* LUT-logo-cs4.png */; };
		664384192B70DA6D00E45E10 /* LandscapeCell.xib in Resources */ = {isa = PBXBuildFile; fileRef = 6643841A2B70DA6D00E45E10 /* LandscapeCell.xib */; };
		6643841B2B70DA8600E45E10 /* PortraitCell.xib in Resources */ = {isa = PBXBuildFile; fileRef = 6643841C2B70DA8600E45E10 /* PortraitCell.xib */; };
		665059162B6B686C00F6EB19 /* CoreXLSX in Frameworks */ = {isa = PBXBuildFile; productRef = 665059152B6B686C00F6EB19 /* CoreXLSX */; };
		665059182B6B6A5600F6EB19 /* WineListManager.swift in Sources */ = {isa = PBXBuildFile; fileRef = 665059172B6B6A5600F6EB19 /* WineListManager.swift */; };
		669312FC2B6ACEE900CDE002 /* XlsxFileViewController.swift in Sources */ = {isa = PBXBuildFile; fileRef = 669312FB2B6ACEE900CDE002 /* XlsxFileViewController.swift */; };
		6698A4042B43F0430031A51D /* AppDelegate.swift in Sources */ = {isa = PBXBuildFile; fileRef = 6698A4032B43F0430031A51D /* AppDelegate.swift */; };
		6698A4062B43F0430031A51D /* SceneDelegate.swift in Sources */ = {isa = PBXBuildFile; fileRef = 6698A4052B43F0430031A51D /* SceneDelegate.swift */; };
		6698A4082B43F0430031A51D /* WineViewController.swift in Sources */ = {isa = PBXBuildFile; fileRef = 6698A4072B43F0430031A51D /* WineViewController.swift */; };
		6698A40B2B43F0430031A51D /* Main.storyboard in Resources */ = {isa = PBXBuildFile; fileRef = 6698A4092B43F0430031A51D /* Main.storyboard */; };
		6698A40D2B43F0440031A51D /* Assets.xcassets in Resources */ = {isa = PBXBuildFile; fileRef = 6698A40C2B43F0440031A51D /* Assets.xcassets */; };
		6698A4362B446C990031A51D /* FileSelectionManager.swift in Sources */ = {isa = PBXBuildFile; fileRef = 6698A4352B446C990031A51D /* FileSelectionManager.swift */; };
		66BDD43F2B70262100869F7B /* PortraitCell.swift in Sources */ = {isa = PBXBuildFile; fileRef = 6650590C2B6B5D4C00F6EB19 /* PortraitCell.swift */; };
		66BDD4402B70262C00869F7B /* LandscapeCell.swift in Sources */ = {isa = PBXBuildFile; fileRef = 6650590D2B6B5D4C00F6EB19 /* LandscapeCell.swift */; };
/* End PBXBuildFile section */

/* Begin PBXContainerItemProxy section */
		6698A4172B43F0440031A51D /* PBXContainerItemProxy */ = {
			isa = PBXContainerItemProxy;
			containerPortal = 6698A3F82B43F0430031A51D /* Project object */;
			proxyType = 1;
			remoteGlobalIDString = 6698A3FF2B43F0430031A51D;
			remoteInfo = WineLIst_2401;
		};
		6698A4212B43F0440031A51D /* PBXContainerItemProxy */ = {
			isa = PBXContainerItemProxy;
			containerPortal = 6698A3F82B43F0430031A51D /* Project object */;
			proxyType = 1;
			remoteGlobalIDString = 6698A3FF2B43F0430031A51D;
			remoteInfo = WineLIst_2401;
		};
/* End PBXContainerItemProxy section */

/* Begin PBXFileReference section */
		6611F63F2B86A5E60003E771 /* GoogleService-Info.plist */ = {isa = PBXFileReference; fileEncoding = 4; lastKnownFileType = text.plist.xml; path = "GoogleService-Info.plist"; sourceTree = "<group>"; };
		6613758C2B60744B00622277 /* LaunchScreen.storyboard */ = {isa = PBXFileReference; fileEncoding = 4; lastKnownFileType = file.storyboard; path = LaunchScreen.storyboard; sourceTree = "<group>"; };
		6613758E2B60753000622277 /* LUT-logo-cs4.png */ = {isa = PBXFileReference; lastKnownFileType = image.png; path = "LUT-logo-cs4.png"; sourceTree = "<group>"; };
		6643841A2B70DA6D00E45E10 /* LandscapeCell.xib */ = {isa = PBXFileReference; lastKnownFileType = file.xib; path = LandscapeCell.xib; sourceTree = "<group>"; };
		6643841C2B70DA8600E45E10 /* PortraitCell.xib */ = {isa = PBXFileReference; lastKnownFileType = file.xib; path = PortraitCell.xib; sourceTree = "<group>"; };
		6650590C2B6B5D4C00F6EB19 /* PortraitCell.swift */ = {isa = PBXFileReference; lastKnownFileType = sourcecode.swift; path = PortraitCell.swift; sourceTree = "<group>"; };
		6650590D2B6B5D4C00F6EB19 /* LandscapeCell.swift */ = {isa = PBXFileReference; lastKnownFileType = sourcecode.swift; path = LandscapeCell.swift; sourceTree = "<group>"; };
		665059172B6B6A5600F6EB19 /* WineListManager.swift */ = {isa = PBXFileReference; lastKnownFileType = sourcecode.swift; path = WineListManager.swift; sourceTree = "<group>"; };
		669312FB2B6ACEE900CDE002 /* XlsxFileViewController.swift */ = {isa = PBXFileReference; lastKnownFileType = sourcecode.swift; path = XlsxFileViewController.swift; sourceTree = "<group>"; };
		6698A4002B43F0430031A51D /* WineLIst_2401.app */ = {isa = PBXFileReference; explicitFileType = wrapper.application; includeInIndex = 0; path = WineLIst_2401.app; sourceTree = BUILT_PRODUCTS_DIR; };
		6698A4032B43F0430031A51D /* AppDelegate.swift */ = {isa = PBXFileReference; lastKnownFileType = sourcecode.swift; path = AppDelegate.swift; sourceTree = "<group>"; };
		6698A4052B43F0430031A51D /* SceneDelegate.swift */ = {isa = PBXFileReference; lastKnownFileType = sourcecode.swift; path = SceneDelegate.swift; sourceTree = "<group>"; };
		6698A4072B43F0430031A51D /* WineViewController.swift */ = {isa = PBXFileReference; lastKnownFileType = sourcecode.swift; name = WineViewController.swift; path = GetListFromXlsx/WineViewController.swift; sourceTree = "<group>"; };
		6698A40A2B43F0430031A51D /* Base */ = {isa = PBXFileReference; lastKnownFileType = file.storyboard; name = Base; path = Base.lproj/Main.storyboard; sourceTree = "<group>"; };
		6698A40C2B43F0440031A51D /* Assets.xcassets */ = {isa = PBXFileReference; lastKnownFileType = folder.assetcatalog; path = Assets.xcassets; sourceTree = "<group>"; };
		6698A4112B43F0440031A51D /* Info.plist */ = {isa = PBXFileReference; lastKnownFileType = text.plist.xml; path = Info.plist; sourceTree = "<group>"; };
		6698A4162B43F0440031A51D /* WineLIst_2401Tests.xctest */ = {isa = PBXFileReference; explicitFileType = wrapper.cfbundle; includeInIndex = 0; path = WineLIst_2401Tests.xctest; sourceTree = BUILT_PRODUCTS_DIR; };
		6698A4202B43F0440031A51D /* WineLIst_2401UITests.xctest */ = {isa = PBXFileReference; explicitFileType = wrapper.cfbundle; includeInIndex = 0; path = WineLIst_2401UITests.xctest; sourceTree = BUILT_PRODUCTS_DIR; };
		6698A4352B446C990031A51D /* FileSelectionManager.swift */ = {isa = PBXFileReference; lastKnownFileType = sourcecode.swift; path = FileSelectionManager.swift; sourceTree = "<group>"; };
/* End PBXFileReference section */

/* Begin PBXFrameworksBuildPhase section */
		6698A3FD2B43F0430031A51D /* Frameworks */ = {
			isa = PBXFrameworksBuildPhase;
			buildActionMask = 2147483647;
			files = (
				665059162B6B686C00F6EB19 /* CoreXLSX in Frameworks */,
			);
			runOnlyForDeploymentPostprocessing = 0;
		};
		6698A4132B43F0440031A51D /* Frameworks */ = {
			isa = PBXFrameworksBuildPhase;
			buildActionMask = 2147483647;
			files = (
			);
			runOnlyForDeploymentPostprocessing = 0;
		};
		6698A41D2B43F0440031A51D /* Frameworks */ = {
			isa = PBXFrameworksBuildPhase;
			buildActionMask = 2147483647;
			files = (
			);
			runOnlyForDeploymentPostprocessing = 0;
		};
/* End PBXFrameworksBuildPhase section */

/* Begin PBXGroup section */
		665059092B6B4D8100F6EB19 /* GetListFromXlsx */ = {
			isa = PBXGroup;
			children = (
				6698A4352B446C990031A51D /* FileSelectionManager.swift */,
				665059172B6B6A5600F6EB19 /* WineListManager.swift */,
			);
			path = GetListFromXlsx;
			sourceTree = "<group>";
		};
		6650590A2B6B5D3500F6EB19 /* TableViewCell */ = {
			isa = PBXGroup;
			children = (
				6650590D2B6B5D4C00F6EB19 /* LandscapeCell.swift */,
				6643841A2B70DA6D00E45E10 /* LandscapeCell.xib */,
				6650590C2B6B5D4C00F6EB19 /* PortraitCell.swift */,
				6643841C2B70DA8600E45E10 /* PortraitCell.xib */,
			);
			path = TableViewCell;
			sourceTree = "<group>";
		};
		6698A3F72B43F0430031A51D = {
			isa = PBXGroup;
			children = (
				6698A4022B43F0430031A51D /* WineLIst_2401 */,
				6698A4012B43F0430031A51D /* Products */,
			);
			sourceTree = "<group>";
		};
		6698A4012B43F0430031A51D /* Products */ = {
			isa = PBXGroup;
			children = (
				6698A4002B43F0430031A51D /* WineLIst_2401.app */,
				6698A4162B43F0440031A51D /* WineLIst_2401Tests.xctest */,
				6698A4202B43F0440031A51D /* WineLIst_2401UITests.xctest */,
			);
			name = Products;
			sourceTree = "<group>";
		};
		6698A4022B43F0430031A51D /* WineLIst_2401 */ = {
			isa = PBXGroup;
			children = (
				6698A4052B43F0430031A51D /* SceneDelegate.swift */,
				6698A4032B43F0430031A51D /* AppDelegate.swift */,
				669312FB2B6ACEE900CDE002 /* XlsxFileViewController.swift */,
				6698A4072B43F0430031A51D /* WineViewController.swift */,
				6698A4092B43F0430031A51D /* Main.storyboard */,
				6650590A2B6B5D3500F6EB19 /* TableViewCell */,
				665059092B6B4D8100F6EB19 /* GetListFromXlsx */,
				6698A40C2B43F0440031A51D /* Assets.xcassets */,
				6613758E2B60753000622277 /* LUT-logo-cs4.png */,
				6613758C2B60744B00622277 /* LaunchScreen.storyboard */,
				6698A4112B43F0440031A51D /* Info.plist */,
				6611F63F2B86A5E60003E771 /* GoogleService-Info.plist */,
			);
			path = WineLIst_2401;
			sourceTree = "<group>";
		};
/* End PBXGroup section */

/* Begin PBXNativeTarget section */
		6698A3FF2B43F0430031A51D /* WineLIst_2401 */ = {
			isa = PBXNativeTarget;
			buildConfigurationList = 6698A42A2B43F0440031A51D /* Build configuration list for PBXNativeTarget "WineLIst_2401" */;
			buildPhases = (
				6698A3FC2B43F0430031A51D /* Sources */,
				6698A3FD2B43F0430031A51D /* Frameworks */,
				6698A3FE2B43F0430031A51D /* Resources */,
			);
			buildRules = (
			);
			dependencies = (
			);
			name = WineLIst_2401;
			packageProductDependencies = (
				665059152B6B686C00F6EB19 /* CoreXLSX */,
			);
			productName = WineLIst_2401;
			productReference = 6698A4002B43F0430031A51D /* WineLIst_2401.app */;
			productType = "com.apple.product-type.application";
		};
		6698A4152B43F0440031A51D /* WineLIst_2401Tests */ = {
			isa = PBXNativeTarget;
			buildConfigurationList = 6698A42D2B43F0440031A51D /* Build configuration list for PBXNativeTarget "WineLIst_2401Tests" */;
			buildPhases = (
				6698A4122B43F0440031A51D /* Sources */,
				6698A4132B43F0440031A51D /* Frameworks */,
				6698A4142B43F0440031A51D /* Resources */,
			);
			buildRules = (
			);
			dependencies = (
				6698A4182B43F0440031A51D /* PBXTargetDependency */,
			);
			name = WineLIst_2401Tests;
			productName = WineLIst_2401Tests;
			productReference = 6698A4162B43F0440031A51D /* WineLIst_2401Tests.xctest */;
			productType = "com.apple.product-type.bundle.unit-test";
		};
		6698A41F2B43F0440031A51D /* WineLIst_2401UITests */ = {
			isa = PBXNativeTarget;
			buildConfigurationList = 6698A4302B43F0440031A51D /* Build configuration list for PBXNativeTarget "WineLIst_2401UITests" */;
			buildPhases = (
				6698A41C2B43F0440031A51D /* Sources */,
				6698A41D2B43F0440031A51D /* Frameworks */,
				6698A41E2B43F0440031A51D /* Resources */,
			);
			buildRules = (
			);
			dependencies = (
				6698A4222B43F0440031A51D /* PBXTargetDependency */,
			);
			name = WineLIst_2401UITests;
			productName = WineLIst_2401UITests;
			productReference = 6698A4202B43F0440031A51D /* WineLIst_2401UITests.xctest */;
			productType = "com.apple.product-type.bundle.ui-testing";
		};
/* End PBXNativeTarget section */

/* Begin PBXProject section */
		6698A3F82B43F0430031A51D /* Project object */ = {
			isa = PBXProject;
			attributes = {
				BuildIndependentTargetsInParallel = 1;
				LastSwiftUpdateCheck = 1500;
				LastUpgradeCheck = 1500;
				TargetAttributes = {
					6698A3FF2B43F0430031A51D = {
						CreatedOnToolsVersion = 15.0;
					};
					6698A4152B43F0440031A51D = {
						CreatedOnToolsVersion = 15.0;
						TestTargetID = 6698A3FF2B43F0430031A51D;
					};
					6698A41F2B43F0440031A51D = {
						CreatedOnToolsVersion = 15.0;
						TestTargetID = 6698A3FF2B43F0430031A51D;
					};
				};
			};
			buildConfigurationList = 6698A3FB2B43F0430031A51D /* Build configuration list for PBXProject "WineLIst_2401" */;
			compatibilityVersion = "Xcode 14.0";
			developmentRegion = en;
			hasScannedForEncodings = 0;
			knownRegions = (
				en,
				Base,
			);
			mainGroup = 6698A3F72B43F0430031A51D;
			packageReferences = (
				665059142B6B686C00F6EB19 /* XCRemoteSwiftPackageReference "CoreXLSX" */,
				6611F6422B86A7330003E771 /* XCRemoteSwiftPackageReference "firebase-ios-sdk" */,
			);
			productRefGroup = 6698A4012B43F0430031A51D /* Products */;
			projectDirPath = "";
			projectRoot = "";
			targets = (
				6698A3FF2B43F0430031A51D /* WineLIst_2401 */,
				6698A4152B43F0440031A51D /* WineLIst_2401Tests */,
				6698A41F2B43F0440031A51D /* WineLIst_2401UITests */,
			);
		};
/* End PBXProject section */

/* Begin PBXResourcesBuildPhase section */
		6698A3FE2B43F0430031A51D /* Resources */ = {
			isa = PBXResourcesBuildPhase;
			buildActionMask = 2147483647;
			files = (
				6643841B2B70DA8600E45E10 /* PortraitCell.xib in Resources */,
				664384192B70DA6D00E45E10 /* LandscapeCell.xib in Resources */,
				6613758D2B60744B00622277 /* LaunchScreen.storyboard in Resources */,
				6613758F2B60753000622277 /* LUT-logo-cs4.png in Resources */,
				6698A40D2B43F0440031A51D /* Assets.xcassets in Resources */,
				6698A40B2B43F0430031A51D /* Main.storyboard in Resources */,
				6611F6402B86A5E60003E771 /* GoogleService-Info.plist in Resources */,
			);
			runOnlyForDeploymentPostprocessing = 0;
		};
		6698A4142B43F0440031A51D /* Resources */ = {
			isa = PBXResourcesBuildPhase;
			buildActionMask = 2147483647;
			files = (
			);
			runOnlyForDeploymentPostprocessing = 0;
		};
		6698A41E2B43F0440031A51D /* Resources */ = {
			isa = PBXResourcesBuildPhase;
			buildActionMask = 2147483647;
			files = (
			);
			runOnlyForDeploymentPostprocessing = 0;
		};
/* End PBXResourcesBuildPhase section */

/* Begin PBXSourcesBuildPhase section */
		6698A3FC2B43F0430031A51D /* Sources */ = {
			isa = PBXSourcesBuildPhase;
			buildActionMask = 2147483647;
			files = (
				669312FC2B6ACEE900CDE002 /* XlsxFileViewController.swift in Sources */,
				6698A4362B446C990031A51D /* FileSelectionManager.swift in Sources */,
				6698A4082B43F0430031A51D /* WineViewController.swift in Sources */,
				66BDD43F2B70262100869F7B /* PortraitCell.swift in Sources */,
				665059182B6B6A5600F6EB19 /* WineListManager.swift in Sources */,
				6698A4042B43F0430031A51D /* AppDelegate.swift in Sources */,
				66BDD4402B70262C00869F7B /* LandscapeCell.swift in Sources */,
				6698A4062B43F0430031A51D /* SceneDelegate.swift in Sources */,
			);
			runOnlyForDeploymentPostprocessing = 0;
		};
		6698A4122B43F0440031A51D /* Sources */ = {
			isa = PBXSourcesBuildPhase;
			buildActionMask = 2147483647;
			files = (
			);
			runOnlyForDeploymentPostprocessing = 0;
		};
		6698A41C2B43F0440031A51D /* Sources */ = {
			isa = PBXSourcesBuildPhase;
			buildActionMask = 2147483647;
			files = (
			);
			runOnlyForDeploymentPostprocessing = 0;
		};
/* End PBXSourcesBuildPhase section */

/* Begin PBXTargetDependency section */
		6698A4182B43F0440031A51D /* PBXTargetDependency */ = {
			isa = PBXTargetDependency;
			target = 6698A3FF2B43F0430031A51D /* WineLIst_2401 */;
			targetProxy = 6698A4172B43F0440031A51D /* PBXContainerItemProxy */;
		};
		6698A4222B43F0440031A51D /* PBXTargetDependency */ = {
			isa = PBXTargetDependency;
			target = 6698A3FF2B43F0430031A51D /* WineLIst_2401 */;
			targetProxy = 6698A4212B43F0440031A51D /* PBXContainerItemProxy */;
		};
/* End PBXTargetDependency section */

/* Begin PBXVariantGroup section */
		6698A4092B43F0430031A51D /* Main.storyboard */ = {
			isa = PBXVariantGroup;
			children = (
				6698A40A2B43F0430031A51D /* Base */,
			);
			name = Main.storyboard;
			sourceTree = "<group>";
		};
/* End PBXVariantGroup section */

/* Begin XCBuildConfiguration section */
		6698A4282B43F0440031A51D /* Debug */ = {
			isa = XCBuildConfiguration;
			buildSettings = {
				ALWAYS_SEARCH_USER_PATHS = NO;
				ASSETCATALOG_COMPILER_GENERATE_SWIFT_ASSET_SYMBOL_EXTENSIONS = YES;
				CLANG_ANALYZER_NONNULL = YES;
				CLANG_ANALYZER_NUMBER_OBJECT_CONVERSION = YES_AGGRESSIVE;
				CLANG_CXX_LANGUAGE_STANDARD = "gnu++20";
				CLANG_ENABLE_MODULES = YES;
				CLANG_ENABLE_OBJC_ARC = YES;
				CLANG_ENABLE_OBJC_WEAK = YES;
				CLANG_WARN_BLOCK_CAPTURE_AUTORELEASING = YES;
				CLANG_WARN_BOOL_CONVERSION = YES;
				CLANG_WARN_COMMA = YES;
				CLANG_WARN_CONSTANT_CONVERSION = YES;
				CLANG_WARN_DEPRECATED_OBJC_IMPLEMENTATIONS = YES;
				CLANG_WARN_DIRECT_OBJC_ISA_USAGE = YES_ERROR;
				CLANG_WARN_DOCUMENTATION_COMMENTS = YES;
				CLANG_WARN_EMPTY_BODY = YES;
				CLANG_WARN_ENUM_CONVERSION = YES;
				CLANG_WARN_INFINITE_RECURSION = YES;
				CLANG_WARN_INT_CONVERSION = YES;
				CLANG_WARN_NON_LITERAL_NULL_CONVERSION = YES;
				CLANG_WARN_OBJC_IMPLICIT_RETAIN_SELF = YES;
				CLANG_WARN_OBJC_LITERAL_CONVERSION = YES;
				CLANG_WARN_OBJC_ROOT_CLASS = YES_ERROR;
				CLANG_WARN_QUOTED_INCLUDE_IN_FRAMEWORK_HEADER = YES;
				CLANG_WARN_RANGE_LOOP_ANALYSIS = YES;
				CLANG_WARN_STRICT_PROTOTYPES = YES;
				CLANG_WARN_SUSPICIOUS_MOVE = YES;
				CLANG_WARN_UNGUARDED_AVAILABILITY = YES_AGGRESSIVE;
				CLANG_WARN_UNREACHABLE_CODE = YES;
				CLANG_WARN__DUPLICATE_METHOD_MATCH = YES;
				COPY_PHASE_STRIP = NO;
				DEBUG_INFORMATION_FORMAT = dwarf;
				ENABLE_STRICT_OBJC_MSGSEND = YES;
				ENABLE_TESTABILITY = YES;
				ENABLE_USER_SCRIPT_SANDBOXING = YES;
				GCC_C_LANGUAGE_STANDARD = gnu17;
				GCC_DYNAMIC_NO_PIC = NO;
				GCC_NO_COMMON_BLOCKS = YES;
				GCC_OPTIMIZATION_LEVEL = 0;
				GCC_PREPROCESSOR_DEFINITIONS = (
					"DEBUG=1",
					"$(inherited)",
				);
				GCC_WARN_64_TO_32_BIT_CONVERSION = YES;
				GCC_WARN_ABOUT_RETURN_TYPE = YES_ERROR;
				GCC_WARN_UNDECLARED_SELECTOR = YES;
				GCC_WARN_UNINITIALIZED_AUTOS = YES_AGGRESSIVE;
				GCC_WARN_UNUSED_FUNCTION = YES;
				GCC_WARN_UNUSED_VARIABLE = YES;
				IPHONEOS_DEPLOYMENT_TARGET = 14.0;
				LOCALIZATION_PREFERS_STRING_CATALOGS = YES;
				MTL_ENABLE_DEBUG_INFO = INCLUDE_SOURCE;
				MTL_FAST_MATH = YES;
				ONLY_ACTIVE_ARCH = YES;
				SDKROOT = iphoneos;
				SWIFT_ACTIVE_COMPILATION_CONDITIONS = "DEBUG $(inherited)";
				SWIFT_OPTIMIZATION_LEVEL = "-Onone";
			};
			name = Debug;
		};
		6698A4292B43F0440031A51D /* Release */ = {
			isa = XCBuildConfiguration;
			buildSettings = {
				ALWAYS_SEARCH_USER_PATHS = NO;
				ASSETCATALOG_COMPILER_GENERATE_SWIFT_ASSET_SYMBOL_EXTENSIONS = YES;
				CLANG_ANALYZER_NONNULL = YES;
				CLANG_ANALYZER_NUMBER_OBJECT_CONVERSION = YES_AGGRESSIVE;
				CLANG_CXX_LANGUAGE_STANDARD = "gnu++20";
				CLANG_ENABLE_MODULES = YES;
				CLANG_ENABLE_OBJC_ARC = YES;
				CLANG_ENABLE_OBJC_WEAK = YES;
				CLANG_WARN_BLOCK_CAPTURE_AUTORELEASING = YES;
				CLANG_WARN_BOOL_CONVERSION = YES;
				CLANG_WARN_COMMA = YES;
				CLANG_WARN_CONSTANT_CONVERSION = YES;
				CLANG_WARN_DEPRECATED_OBJC_IMPLEMENTATIONS = YES;
				CLANG_WARN_DIRECT_OBJC_ISA_USAGE = YES_ERROR;
				CLANG_WARN_DOCUMENTATION_COMMENTS = YES;
				CLANG_WARN_EMPTY_BODY = YES;
				CLANG_WARN_ENUM_CONVERSION = YES;
				CLANG_WARN_INFINITE_RECURSION = YES;
				CLANG_WARN_INT_CONVERSION = YES;
				CLANG_WARN_NON_LITERAL_NULL_CONVERSION = YES;
				CLANG_WARN_OBJC_IMPLICIT_RETAIN_SELF = YES;
				CLANG_WARN_OBJC_LITERAL_CONVERSION = YES;
				CLANG_WARN_OBJC_ROOT_CLASS = YES_ERROR;
				CLANG_WARN_QUOTED_INCLUDE_IN_FRAMEWORK_HEADER = YES;
				CLANG_WARN_RANGE_LOOP_ANALYSIS = YES;
				CLANG_WARN_STRICT_PROTOTYPES = YES;
				CLANG_WARN_SUSPICIOUS_MOVE = YES;
				CLANG_WARN_UNGUARDED_AVAILABILITY = YES_AGGRESSIVE;
				CLANG_WARN_UNREACHABLE_CODE = YES;
				CLANG_WARN__DUPLICATE_METHOD_MATCH = YES;
				COPY_PHASE_STRIP = NO;
				DEBUG_INFORMATION_FORMAT = "dwarf-with-dsym";
				ENABLE_NS_ASSERTIONS = NO;
				ENABLE_STRICT_OBJC_MSGSEND = YES;
				ENABLE_USER_SCRIPT_SANDBOXING = YES;
				GCC_C_LANGUAGE_STANDARD = gnu17;
				GCC_NO_COMMON_BLOCKS = YES;
				GCC_WARN_64_TO_32_BIT_CONVERSION = YES;
				GCC_WARN_ABOUT_RETURN_TYPE = YES_ERROR;
				GCC_WARN_UNDECLARED_SELECTOR = YES;
				GCC_WARN_UNINITIALIZED_AUTOS = YES_AGGRESSIVE;
				GCC_WARN_UNUSED_FUNCTION = YES;
				GCC_WARN_UNUSED_VARIABLE = YES;
				IPHONEOS_DEPLOYMENT_TARGET = 14.0;
				LOCALIZATION_PREFERS_STRING_CATALOGS = YES;
				MTL_ENABLE_DEBUG_INFO = NO;
				MTL_FAST_MATH = YES;
				SDKROOT = iphoneos;
				SWIFT_COMPILATION_MODE = wholemodule;
				VALIDATE_PRODUCT = YES;
			};
			name = Release;
		};
		6698A42B2B43F0440031A51D /* Debug */ = {
			isa = XCBuildConfiguration;
			buildSettings = {
				ASSETCATALOG_COMPILER_APPICON_NAME = AppIcon;
				ASSETCATALOG_COMPILER_GLOBAL_ACCENT_COLOR_NAME = AccentColor;
				CODE_SIGN_STYLE = Automatic;
				CURRENT_PROJECT_VERSION = 1;
				DEVELOPMENT_TEAM = 746UF2ZA24;
				GENERATE_INFOPLIST_FILE = YES;
				INFOPLIST_FILE = WineLIst_2401/Info.plist;
				INFOPLIST_KEY_UIApplicationSupportsIndirectInputEvents = YES;
				INFOPLIST_KEY_UILaunchStoryboardName = LaunchScreen;
				INFOPLIST_KEY_UIMainStoryboardFile = Main;
				INFOPLIST_KEY_UISupportedInterfaceOrientations_iPad = "UIInterfaceOrientationPortrait UIInterfaceOrientationPortraitUpsideDown UIInterfaceOrientationLandscapeLeft UIInterfaceOrientationLandscapeRight";
				INFOPLIST_KEY_UISupportedInterfaceOrientations_iPhone = "UIInterfaceOrientationPortrait UIInterfaceOrientationLandscapeLeft UIInterfaceOrientationLandscapeRight";
				LD_RUNPATH_SEARCH_PATHS = (
					"$(inherited)",
					"@executable_path/Frameworks",
				);
				MARKETING_VERSION = 1.0;
				PRODUCT_BUNDLE_IDENTIFIER = "LUT.WineLIst-2401";
				PRODUCT_NAME = "$(TARGET_NAME)";
				SWIFT_EMIT_LOC_STRINGS = YES;
				SWIFT_VERSION = 5.0;
				TARGETED_DEVICE_FAMILY = "1,2";
			};
			name = Debug;
		};
		6698A42C2B43F0440031A51D /* Release */ = {
			isa = XCBuildConfiguration;
			buildSettings = {
				ASSETCATALOG_COMPILER_APPICON_NAME = AppIcon;
				ASSETCATALOG_COMPILER_GLOBAL_ACCENT_COLOR_NAME = AccentColor;
				CODE_SIGN_STYLE = Automatic;
				CURRENT_PROJECT_VERSION = 1;
				DEVELOPMENT_TEAM = 746UF2ZA24;
				GENERATE_INFOPLIST_FILE = YES;
				INFOPLIST_FILE = WineLIst_2401/Info.plist;
				INFOPLIST_KEY_UIApplicationSupportsIndirectInputEvents = YES;
				INFOPLIST_KEY_UILaunchStoryboardName = LaunchScreen;
				INFOPLIST_KEY_UIMainStoryboardFile = Main;
				INFOPLIST_KEY_UISupportedInterfaceOrientations_iPad = "UIInterfaceOrientationPortrait UIInterfaceOrientationPortraitUpsideDown UIInterfaceOrientationLandscapeLeft UIInterfaceOrientationLandscapeRight";
				INFOPLIST_KEY_UISupportedInterfaceOrientations_iPhone = "UIInterfaceOrientationPortrait UIInterfaceOrientationLandscapeLeft UIInterfaceOrientationLandscapeRight";
				LD_RUNPATH_SEARCH_PATHS = (
					"$(inherited)",
					"@executable_path/Frameworks",
				);
				MARKETING_VERSION = 1.0;
				PRODUCT_BUNDLE_IDENTIFIER = "LUT.WineLIst-2401";
				PRODUCT_NAME = "$(TARGET_NAME)";
				SWIFT_EMIT_LOC_STRINGS = YES;
				SWIFT_VERSION = 5.0;
				TARGETED_DEVICE_FAMILY = "1,2";
			};
			name = Release;
		};
		6698A42E2B43F0440031A51D /* Debug */ = {
			isa = XCBuildConfiguration;
			buildSettings = {
				ALWAYS_EMBED_SWIFT_STANDARD_LIBRARIES = YES;
				BUNDLE_LOADER = "$(TEST_HOST)";
				CODE_SIGN_STYLE = Automatic;
				CURRENT_PROJECT_VERSION = 1;
				DEVELOPMENT_TEAM = 746UF2ZA24;
				GENERATE_INFOPLIST_FILE = YES;
				IPHONEOS_DEPLOYMENT_TARGET = 17.0;
				MARKETING_VERSION = 1.0;
				PRODUCT_BUNDLE_IDENTIFIER = "LUT.WineLIst-2401Tests";
				PRODUCT_NAME = "$(TARGET_NAME)";
				SWIFT_EMIT_LOC_STRINGS = NO;
				SWIFT_VERSION = 5.0;
				TARGETED_DEVICE_FAMILY = "1,2";
				TEST_HOST = "$(BUILT_PRODUCTS_DIR)/WineLIst_2401.app/$(BUNDLE_EXECUTABLE_FOLDER_PATH)/WineLIst_2401";
			};
			name = Debug;
		};
		6698A42F2B43F0440031A51D /* Release */ = {
			isa = XCBuildConfiguration;
			buildSettings = {
				ALWAYS_EMBED_SWIFT_STANDARD_LIBRARIES = YES;
				BUNDLE_LOADER = "$(TEST_HOST)";
				CODE_SIGN_STYLE = Automatic;
				CURRENT_PROJECT_VERSION = 1;
				DEVELOPMENT_TEAM = 746UF2ZA24;
				GENERATE_INFOPLIST_FILE = YES;
				IPHONEOS_DEPLOYMENT_TARGET = 17.0;
				MARKETING_VERSION = 1.0;
				PRODUCT_BUNDLE_IDENTIFIER = "LUT.WineLIst-2401Tests";
				PRODUCT_NAME = "$(TARGET_NAME)";
				SWIFT_EMIT_LOC_STRINGS = NO;
				SWIFT_VERSION = 5.0;
				TARGETED_DEVICE_FAMILY = "1,2";
				TEST_HOST = "$(BUILT_PRODUCTS_DIR)/WineLIst_2401.app/$(BUNDLE_EXECUTABLE_FOLDER_PATH)/WineLIst_2401";
			};
			name = Release;
		};
		6698A4312B43F0440031A51D /* Debug */ = {
			isa = XCBuildConfiguration;
			buildSettings = {
				ALWAYS_EMBED_SWIFT_STANDARD_LIBRARIES = YES;
				CODE_SIGN_STYLE = Automatic;
				CURRENT_PROJECT_VERSION = 1;
				DEVELOPMENT_TEAM = 746UF2ZA24;
				GENERATE_INFOPLIST_FILE = YES;
				MARKETING_VERSION = 1.0;
				PRODUCT_BUNDLE_IDENTIFIER = "LUT.WineLIst-2401UITests";
				PRODUCT_NAME = "$(TARGET_NAME)";
				SWIFT_EMIT_LOC_STRINGS = NO;
				SWIFT_VERSION = 5.0;
				TARGETED_DEVICE_FAMILY = "1,2";
				TEST_TARGET_NAME = WineLIst_2401;
			};
			name = Debug;
		};
		6698A4322B43F0440031A51D /* Release */ = {
			isa = XCBuildConfiguration;
			buildSettings = {
				ALWAYS_EMBED_SWIFT_STANDARD_LIBRARIES = YES;
				CODE_SIGN_STYLE = Automatic;
				CURRENT_PROJECT_VERSION = 1;
				DEVELOPMENT_TEAM = 746UF2ZA24;
				GENERATE_INFOPLIST_FILE = YES;
				MARKETING_VERSION = 1.0;
				PRODUCT_BUNDLE_IDENTIFIER = "LUT.WineLIst-2401UITests";
				PRODUCT_NAME = "$(TARGET_NAME)";
				SWIFT_EMIT_LOC_STRINGS = NO;
				SWIFT_VERSION = 5.0;
				TARGETED_DEVICE_FAMILY = "1,2";
				TEST_TARGET_NAME = WineLIst_2401;
			};
			name = Release;
		};
/* End XCBuildConfiguration section */

/* Begin XCConfigurationList section */
		6698A3FB2B43F0430031A51D /* Build configuration list for PBXProject "WineLIst_2401" */ = {
			isa = XCConfigurationList;
			buildConfigurations = (
				6698A4282B43F0440031A51D /* Debug */,
				6698A4292B43F0440031A51D /* Release */,
			);
			defaultConfigurationIsVisible = 0;
			defaultConfigurationName = Release;
		};
		6698A42A2B43F0440031A51D /* Build configuration list for PBXNativeTarget "WineLIst_2401" */ = {
			isa = XCConfigurationList;
			buildConfigurations = (
				6698A42B2B43F0440031A51D /* Debug */,
				6698A42C2B43F0440031A51D /* Release */,
			);
			defaultConfigurationIsVisible = 0;
			defaultConfigurationName = Release;
		};
		6698A42D2B43F0440031A51D /* Build configuration list for PBXNativeTarget "WineLIst_2401Tests" */ = {
			isa = XCConfigurationList;
			buildConfigurations = (
				6698A42E2B43F0440031A51D /* Debug */,
				6698A42F2B43F0440031A51D /* Release */,
			);
			defaultConfigurationIsVisible = 0;
			defaultConfigurationName = Release;
		};
		6698A4302B43F0440031A51D /* Build configuration list for PBXNativeTarget "WineLIst_2401UITests" */ = {
			isa = XCConfigurationList;
			buildConfigurations = (
				6698A4312B43F0440031A51D /* Debug */,
				6698A4322B43F0440031A51D /* Release */,
			);
			defaultConfigurationIsVisible = 0;
			defaultConfigurationName = Release;
		};
/* End XCConfigurationList section */

/* Begin XCRemoteSwiftPackageReference section */
		6611F6422B86A7330003E771 /* XCRemoteSwiftPackageReference "firebase-ios-sdk" */ = {
			isa = XCRemoteSwiftPackageReference;
			repositoryURL = "https://github.com/firebase/firebase-ios-sdk";
			requirement = {
				kind = upToNextMajorVersion;
				minimumVersion = 10.21.0;
			};
		};
		665059142B6B686C00F6EB19 /* XCRemoteSwiftPackageReference "CoreXLSX" */ = {
			isa = XCRemoteSwiftPackageReference;
			repositoryURL = "https://github.com/CoreOffice/CoreXLSX.git";
			requirement = {
				kind = upToNextMajorVersion;
				minimumVersion = 0.14.2;
			};
		};
/* End XCRemoteSwiftPackageReference section */

/* Begin XCSwiftPackageProductDependency section */
		665059152B6B686C00F6EB19 /* CoreXLSX */ = {
			isa = XCSwiftPackageProductDependency;
			package = 665059142B6B686C00F6EB19 /* XCRemoteSwiftPackageReference "CoreXLSX" */;
			productName = CoreXLSX;
		};
/* End XCSwiftPackageProductDependency section */
	};
	rootObject = 6698A3F82B43F0430031A51D /* Project object */;
}
